uuid: 5750405d-f04c-4057-a46c-8f14ea1e3190
langcode: en
status: false
dependencies:
  module:
    - asu_brand
    - context
    - system
  theme:
    - asulib_barrio
id: callstoactionblock
theme: asulib_barrio
region: content
weight: -29
provider: null
plugin: calls_to_action_block
settings:
  id: calls_to_action_block
  label: 'Calls to action block'
  label_display: '0'
  provider: asu_brand
visibility:
  request_path:
    id: request_path
    negate: false
    context_mapping: {  }
    pages: '<front>'
  request_path_exclusion:
    id: request_path_exclusion
    negate: null
    context_mapping: {  }
    pages: ''
  view_inclusion:
    id: view_inclusion
    negate: null
    context_mapping: {  }
    view_inclusion: {  }
