langcode: en
status: true
dependencies:
  module:
    - asu_search
    - node
    - system
  theme:
    - asulib
id: aboutthisitemblock
theme: asulib
region: sidebar_first
weight: 0
provider: null
plugin: about_this_item_block
settings:
  id: about_this_item_block
  label: 'About this item block'
  provider: asu_search
  label_display: visible
visibility:
  node_type:
    id: node_type
    bundles:
      asu_repository_item: asu_repository_item
      collection: collection
      islandora_object: islandora_object
    negate: false
    context_mapping:
      node: '@node.node_route_context:node'
  request_path:
    id: request_path
    pages: '/node/*'
    negate: false
    context_mapping: {  }
