langcode: en
status: true
dependencies:
  config:
    - views.view.citations_rights_reuse
  module:
    - context
    - node
    - views
  theme:
    - asulib_barrio
id: views_block__citations_rights_reuse_citation_block
theme: asulib_barrio
region: sidebar_first
weight: -14
provider: null
plugin: 'views_block:citations_rights_reuse-citation_block'
settings:
  id: 'views_block:citations_rights_reuse-citation_block'
  label: ''
  provider: views
  label_display: visible
  views_label: ''
  items_per_page: none
  context_mapping: {  }
visibility:
  request_path_exclusion:
    id: request_path_exclusion
    pages: ''
    negate: null
    context_mapping: {  }
  node_type:
    id: node_type
    bundles:
      asu_repository_item: asu_repository_item
    negate: false
    context_mapping:
      node: '@node.node_route_context:node'
