uuid: 5d608f6b-afa8-45d0-8ddc-39711c9dcb9c
langcode: en
status: true
dependencies:
  config:
    - block_content.type.complex_title_block
id: block_content.complex_title_block
target_entity_type_id: block_content
target_bundle: complex_title_block
default_langcode: site_default
language_alterable: false
